
Microsoft Visual Studio Solution File, Format Version 12.00
# Visual Studio Version 17
VisualStudioVersion = 17.11.35327.3
MinimumVisualStudioVersion = 10.0.40219.1
Project("{FAE04EC0-301F-11D3-BF4B-00C04F79EFBC}") = "CorporateWebsiteDatabase", "CorporateWebsiteDatabase\CorporateWebsiteDatabase.csproj", "{996B640F-2D15-44B8-A4F2-3CBD29A13170}"
EndProject
Global
	GlobalSection(SolutionConfigurationPlatforms) = preSolution
		Debug|Any CPU = Debug|Any CPU
		Release|Any CPU = Release|Any CPU
	EndGlobalSection
	GlobalSection(ProjectConfigurationPlatforms) = postSolution
		{996B640F-2D15-44B8-A4F2-3CBD29A13170}.Debug|Any CPU.ActiveCfg = Debug|Any CPU
		{996B640F-2D15-44B8-A4F2-3CBD29A13170}.Debug|Any CPU.Build.0 = Debug|Any CPU
		{996B640F-2D15-44B8-A4F2-3CBD29A13170}.Release|Any CPU.ActiveCfg = Release|Any CPU
		{996B640F-2D15-44B8-A4F2-3CBD29A13170}.Release|Any CPU.Build.0 = Release|Any CPU
	EndGlobalSection
	GlobalSection(SolutionProperties) = preSolution
		HideSolutionNode = FALSE
	EndGlobalSection
	GlobalSection(ExtensibilityGlobals) = postSolution
		SolutionGuid = {6B74FA98-2B87-485C-83F3-6275D978BE79}
	EndGlobalSection
EndGlobal
